
Microsoft Visual Studio Solution File, Format Version 12.00
# Visual Studio Version 17
VisualStudioVersion = 17.3.32922.545
MinimumVisualStudioVersion = 10.0.40219.1
Project("{FAE04EC0-301F-11D3-BF4B-00C04F79EFBC}") = "delta_project", "delta_project\delta_project.csproj", "{65F6A957-F013-415B-A452-0DFFBF650830}"
EndProject
Global
	GlobalSection(SolutionConfigurationPlatforms) = preSolution
		Debug|Any CPU = Debug|Any CPU
		Release|Any CPU = Release|Any CPU
	EndGlobalSection
	GlobalSection(ProjectConfigurationPlatforms) = postSolution
		{65F6A957-F013-415B-A452-0DFFBF650830}.Debug|Any CPU.ActiveCfg = Debug|Any CPU
		{65F6A957-F013-415B-A452-0DFFBF650830}.Debug|Any CPU.Build.0 = Debug|Any CPU
		{65F6A957-F013-415B-A452-0DFFBF650830}.Release|Any CPU.ActiveCfg = Release|Any CPU
		{65F6A957-F013-415B-A452-0DFFBF650830}.Release|Any CPU.Build.0 = Release|Any CPU
	EndGlobalSection
	GlobalSection(SolutionProperties) = preSolution
		HideSolutionNode = FALSE
	EndGlobalSection
	GlobalSection(ExtensibilityGlobals) = postSolution
		SolutionGuid = {718AF05A-8A42-44B8-B89A-293DD50C7A8B}
	EndGlobalSection
EndGlobal
